<?xml version="1.0" encoding="utf-8"?>
<Project ToolsVersion="4.0" xmlns="http://schemas.microsoft.com/developer/msbuild/2003">
  <ItemGroup>
    <Filter Include="Source Files">
      <UniqueIdentifier>{4FC737F1-C7A5-4376-A066-2A32D752A2FF}</UniqueIdentifier>
      <Extensions>cpp;c;cc;cxx;def;odl;idl;hpj;bat;asm;asmx</Extensions>
    </Filter>
    <Filter Include="Header Files">
      <UniqueIdentifier>{93995380-89BD-4b04-88EB-625FBE52EBFB}</UniqueIdentifier>
      <Extensions>h;hpp;hxx;hm;inl;inc;xsd</Extensions>
    </Filter>
    <Filter Include="Resource Files">
      <UniqueIdentifier>{67DA6AB6-F800-4c08-8B7A-83BB121AAD01}</UniqueIdentifier>
      <Extensions>rc;ico;cur;bmp;dlg;rc2;rct;bin;rgs;gif;jpg;jpeg;jpe;resx;tiff;tif;png;wav;mfcribbon-ms</Extensions>
    </Filter>
    <Filter Include="Header Files\GameEngine">
      <UniqueIdentifier>{c4772078-b5c3-43df-9e6c-4ce28dcceef7}</UniqueIdentifier>
    </Filter>
    <Filter Include="Header Files\GameEngine\Actor">
      <UniqueIdentifier>{1aa0f8f5-6da5-408a-933c-8786cf4a410f}</UniqueIdentifier>
    </Filter>
    <Filter Include="Header Files\GameEngine\Graphics">
      <UniqueIdentifier>{3404429c-0529-4e14-9749-15f3f2fd3651}</UniqueIdentifier>
    </Filter>
    <Filter Include="Header Files\GameEngine\Input">
      <UniqueIdentifier>{461ca8d1-e0a8-474b-b314-6bac601401bd}</UniqueIdentifier>
    </Filter>
    <Filter Include="Header Files\GameEngine\Util">
      <UniqueIdentifier>{4403dc5f-5ffe-4070-b878-c472585ce43c}</UniqueIdentifier>
    </Filter>
    <Filter Include="Header Files\GameEngine\ScreenManager">
      <UniqueIdentifier>{f2c29f5c-0c07-4e6d-a5d1-f050ce881a5d}</UniqueIdentifier>
    </Filter>
    <Filter Include="Header Files\GameEngine\Output">
      <UniqueIdentifier>{bf3001b7-3ded-4ec5-b733-3b9288a4bec7}</UniqueIdentifier>
    </Filter>
    <Filter Include="Source Files\GameEngine">
      <UniqueIdentifier>{633ec879-c0ad-452b-b56a-83c1908b79ee}</UniqueIdentifier>
    </Filter>
    <Filter Include="Source Files\GameEngine\Actor">
      <UniqueIdentifier>{27735840-6179-4ccc-bab4-2d8f97024b25}</UniqueIdentifier>
    </Filter>
    <Filter Include="Source Files\GameEngine\Graphics">
      <UniqueIdentifier>{13cf9d62-34d4-437e-8014-307eb2217d26}</UniqueIdentifier>
    </Filter>
    <Filter Include="Source Files\GameEngine\Input">
      <UniqueIdentifier>{c319459f-fad8-4b9d-87f8-c8303a76f0b3}</UniqueIdentifier>
    </Filter>
    <Filter Include="Source Files\GameEngine\Util">
      <UniqueIdentifier>{ce189f76-544b-4f77-8697-07c9b8437091}</UniqueIdentifier>
    </Filter>
    <Filter Include="Source Files\GameEngine\ScreenManager">
      <UniqueIdentifier>{eac8569b-4296-4ff2-a002-d79c3860eea9}</UniqueIdentifier>
    </Filter>
    <Filter Include="Source Files\GameEngine\Output">
      <UniqueIdentifier>{3ca9dd7f-acd8-488f-87e2-be8149baa457}</UniqueIdentifier>
    </Filter>
    <Filter Include="Header Files\SmashBros">
      <UniqueIdentifier>{b92ffe16-47f4-41f0-b4ab-7789715e41ba}</UniqueIdentifier>
    </Filter>
    <Filter Include="Source Files\SmashBros">
      <UniqueIdentifier>{089db95d-83b2-4b03-ac39-d5fd798cfac4}</UniqueIdentifier>
    </Filter>
    <Filter Include="Header Files\SmashBros\Game">
      <UniqueIdentifier>{793f4217-5517-4d39-baa2-f2b1d7b1518b}</UniqueIdentifier>
    </Filter>
    <Filter Include="Header Files\SmashBros\Game\Characters">
      <UniqueIdentifier>{e68171a8-9f82-4564-9f39-ee452e14f1ea}</UniqueIdentifier>
    </Filter>
    <Filter Include="Header Files\SmashBros\Game\Items">
      <UniqueIdentifier>{3cc70f7b-41de-4296-8390-c6659d90ec48}</UniqueIdentifier>
    </Filter>
    <Filter Include="Header Files\SmashBros\Game\Stages">
      <UniqueIdentifier>{5e1f8042-0693-428c-a071-b4ab19e9e0bf}</UniqueIdentifier>
    </Filter>
    <Filter Include="Header Files\SmashBros\Game\Stages\StagePieces">
      <UniqueIdentifier>{8fe66f87-ccfd-45a3-9ac4-e140bce3bfc9}</UniqueIdentifier>
    </Filter>
    <Filter Include="Header Files\SmashBros\Menus">
      <UniqueIdentifier>{42017472-7687-4764-8372-633bf2f02be6}</UniqueIdentifier>
    </Filter>
    <Filter Include="Header Files\SmashBros\Menus\MenuPieces">
      <UniqueIdentifier>{26eeaf4a-35fd-4a70-99ed-4b7c1dd59965}</UniqueIdentifier>
    </Filter>
    <Filter Include="Source Files\SmashBros\Game">
      <UniqueIdentifier>{a0d6232e-8e59-40a3-9ef2-ccbb0e14ee4c}</UniqueIdentifier>
    </Filter>
    <Filter Include="Source Files\SmashBros\Menus">
      <UniqueIdentifier>{d060de55-7856-4d73-b71b-3eca3f392f99}</UniqueIdentifier>
    </Filter>
    <Filter Include="Source Files\SmashBros\Game\Characters">
      <UniqueIdentifier>{5ac2a646-d818-4e66-84ff-6fe648656a0e}</UniqueIdentifier>
    </Filter>
    <Filter Include="Source Files\SmashBros\Game\Items">
      <UniqueIdentifier>{4e34c64b-36a0-45fd-9d8b-8100bba2eb04}</UniqueIdentifier>
    </Filter>
    <Filter Include="Source Files\SmashBros\Game\Stages">
      <UniqueIdentifier>{71b2efa8-d9dc-445b-a778-bb8244bb64ad}</UniqueIdentifier>
    </Filter>
    <Filter Include="Source Files\SmashBros\Game\Stages\StagePieces">
      <UniqueIdentifier>{7a586b9e-fa31-499d-9192-7654421e0452}</UniqueIdentifier>
    </Filter>
    <Filter Include="Source Files\SmashBros\Menus\MenuPieces">
      <UniqueIdentifier>{d3d8f734-8c75-4ebb-b6b8-f11c991c0c25}</UniqueIdentifier>
    </Filter>
    <Filter Include="Header Files\SmashBros\Script">
      <UniqueIdentifier>{f051bf59-a63b-4275-8b80-b8bfdc417168}</UniqueIdentifier>
    </Filter>
    <Filter Include="Source Files\SmashBros\Script">
      <UniqueIdentifier>{f6da2a37-1ca0-4017-97ce-801d6112bd63}</UniqueIdentifier>
    </Filter>
    <Filter Include="Header Files\SmashBros\Script\modules">
      <UniqueIdentifier>{3fe8d336-a62e-4c62-b18f-87565f2d0eae}</UniqueIdentifier>
    </Filter>
    <Filter Include="Header Files\SmashBros\Script\modules\GameEngine">
      <UniqueIdentifier>{8e693a98-1ea7-41fa-8e74-dfce9bd269a1}</UniqueIdentifier>
    </Filter>
    <Filter Include="Header Files\SmashBros\Script\modules\SmashBros">
      <UniqueIdentifier>{3eda31c1-6db0-43a7-9ffd-e06824779dde}</UniqueIdentifier>
    </Filter>
    <Filter Include="Source Files\SmashBros\Script\modules">
      <UniqueIdentifier>{7e985c44-1086-4450-aaf6-750efcbcf80d}</UniqueIdentifier>
    </Filter>
    <Filter Include="Source Files\SmashBros\Script\modules\GameEngine">
      <UniqueIdentifier>{66cc5c62-6d4b-4bab-9688-b3fa2ca32d0d}</UniqueIdentifier>
    </Filter>
    <Filter Include="Source Files\SmashBros\Script\modules\SmashBros">
      <UniqueIdentifier>{ebd51b30-f35b-43b1-b6e8-55d8b5640582}</UniqueIdentifier>
    </Filter>
  </ItemGroup>
  <ItemGroup>
    <ClCompile Include="GameEngine\Actor\Actor.cpp">
      <Filter>Source Files\GameEngine\Actor</Filter>
    </ClCompile>
    <ClCompile Include="GameEngine\Actor\Animation.cpp">
      <Filter>Source Files\GameEngine\Actor</Filter>
    </ClCompile>
    <ClCompile Include="GameEngine\Actor\AnimationManager.cpp">
      <Filter>Source Files\GameEngine\Actor</Filter>
    </ClCompile>
    <ClCompile Include="GameEngine\Actor\PrimitiveActor.cpp">
      <Filter>Source Files\GameEngine\Actor</Filter>
    </ClCompile>
    <ClCompile Include="GameEngine\Actor\TextActor.cpp">
      <Filter>Source Files\GameEngine\Actor</Filter>
    </ClCompile>
    <ClCompile Include="GameEngine\Actor\WireframeActor.cpp">
      <Filter>Source Files\GameEngine\Actor</Filter>
    </ClCompile>
    <ClCompile Include="GameEngine\Graphics\Graphics2D.cpp">
      <Filter>Source Files\GameEngine\Graphics</Filter>
    </ClCompile>
    <ClCompile Include="GameEngine\Input\Keys.cpp">
      <Filter>Source Files\GameEngine\Input</Filter>
    </ClCompile>
    <ClCompile Include="GameEngine\Util\Thread.cpp">
      <Filter>Source Files\GameEngine\Util</Filter>
    </ClCompile>
    <ClCompile Include="GameEngine\Util\String.cpp">
      <Filter>Source Files\GameEngine\Util</Filter>
    </ClCompile>
    <ClCompile Include="GameEngine\Util\PrefManager.cpp">
      <Filter>Source Files\GameEngine\Util</Filter>
    </ClCompile>
    <ClCompile Include="GameEngine\Util\PixelIterator.cpp">
      <Filter>Source Files\GameEngine\Util</Filter>
    </ClCompile>
    <ClCompile Include="GameEngine\Util\Font.cpp">
      <Filter>Source Files\GameEngine\Util</Filter>
    </ClCompile>
    <ClCompile Include="GameEngine\Util\Color.cpp">
      <Filter>Source Files\GameEngine\Util</Filter>
    </ClCompile>
    <ClCompile Include="GameEngine\Util\BufferedImage.cpp">
      <Filter>Source Files\GameEngine\Util</Filter>
    </ClCompile>
    <ClCompile Include="GameEngine\ScreenManager\ScreenManager.cpp">
      <Filter>Source Files\GameEngine\ScreenManager</Filter>
    </ClCompile>
    <ClCompile Include="GameEngine\ScreenManager\Screen.cpp">
      <Filter>Source Files\GameEngine\ScreenManager</Filter>
    </ClCompile>
    <ClCompile Include="GameEngine\ScreenManager\MenuScreen.cpp">
      <Filter>Source Files\GameEngine\ScreenManager</Filter>
    </ClCompile>
    <ClCompile Include="GameEngine\Output\Console.cpp">
      <Filter>Source Files\GameEngine\Output</Filter>
    </ClCompile>
    <ClCompile Include="GameEngine\Application.cpp">
      <Filter>Source Files\GameEngine</Filter>
    </ClCompile>
    <ClCompile Include="GameEngine\View.cpp">
      <Filter>Source Files\GameEngine</Filter>
    </ClCompile>
    <ClCompile Include="GameEngine\AssetManager.cpp">
      <Filter>Source Files\GameEngine</Filter>
    </ClCompile>
    <ClCompile Include="GameEngine\BatchLoader.cpp">
      <Filter>Source Files\GameEngine</Filter>
    </ClCompile>
    <ClCompile Include="SmashBros\Game\Characters\Fox.cpp">
      <Filter>Source Files\SmashBros\Game\Characters</Filter>
    </ClCompile>
    <ClCompile Include="SmashBros\Game\Characters\Ichigo.cpp">
      <Filter>Source Files\SmashBros\Game\Characters</Filter>
    </ClCompile>
    <ClCompile Include="SmashBros\Game\Characters\Link.cpp">
      <Filter>Source Files\SmashBros\Game\Characters</Filter>
    </ClCompile>
    <ClCompile Include="SmashBros\Game\Characters\Mario.cpp">
      <Filter>Source Files\SmashBros\Game\Characters</Filter>
    </ClCompile>
    <ClCompile Include="SmashBros\Game\Characters\Pikachu.cpp">
      <Filter>Source Files\SmashBros\Game\Characters</Filter>
    </ClCompile>
    <ClCompile Include="SmashBros\Game\Characters\Sonic.cpp">
      <Filter>Source Files\SmashBros\Game\Characters</Filter>
    </ClCompile>
    <ClCompile Include="SmashBros\Game\Items\HeartContainer.cpp">
      <Filter>Source Files\SmashBros\Game\Items</Filter>
    </ClCompile>
    <ClCompile Include="SmashBros\Game\Items\PoisonMushroom.cpp">
      <Filter>Source Files\SmashBros\Game\Items</Filter>
    </ClCompile>
    <ClCompile Include="SmashBros\Game\Items\RayGun.cpp">
      <Filter>Source Files\SmashBros\Game\Items</Filter>
    </ClCompile>
    <ClCompile Include="SmashBros\Game\Items\SmashBall.cpp">
      <Filter>Source Files\SmashBros\Game\Items</Filter>
    </ClCompile>
    <ClCompile Include="SmashBros\Game\Items\SuperMushroom.cpp">
      <Filter>Source Files\SmashBros\Game\Items</Filter>
    </ClCompile>
    <ClCompile Include="SmashBros\Game\Items\BeamSword.cpp">
      <Filter>Source Files\SmashBros\Game\Items</Filter>
    </ClCompile>
    <ClCompile Include="SmashBros\Game\Stages\StagePieces\HangPoint.cpp">
      <Filter>Source Files\SmashBros\Game\Stages\StagePieces</Filter>
    </ClCompile>
    <ClCompile Include="SmashBros\Game\Stages\StagePieces\OffScreenExplode.cpp">
      <Filter>Source Files\SmashBros\Game\Stages\StagePieces</Filter>
    </ClCompile>
    <ClCompile Include="SmashBros\Game\Stages\StagePieces\Platform.cpp">
      <Filter>Source Files\SmashBros\Game\Stages\StagePieces</Filter>
    </ClCompile>
    <ClCompile Include="SmashBros\Game\Stages\BattlefieldBrawl.cpp">
      <Filter>Source Files\SmashBros\Game\Stages</Filter>
    </ClCompile>
    <ClCompile Include="SmashBros\Game\Stages\FinalDestinationBrawl.cpp">
      <Filter>Source Files\SmashBros\Game\Stages</Filter>
    </ClCompile>
    <ClCompile Include="SmashBros\Game\Stages\FractalStage.cpp">
      <Filter>Source Files\SmashBros\Game\Stages</Filter>
    </ClCompile>
    <ClCompile Include="SmashBros\Game\Stages\HillsideBattleground.cpp">
      <Filter>Source Files\SmashBros\Game\Stages</Filter>
    </ClCompile>
    <ClCompile Include="SmashBros\Game\Stages\HyruleTemple.cpp">
      <Filter>Source Files\SmashBros\Game\Stages</Filter>
    </ClCompile>
    <ClCompile Include="SmashBros\Game\GameScreen.cpp">
      <Filter>Source Files\SmashBros\Game</Filter>
    </ClCompile>
    <ClCompile Include="SmashBros\Game\WinnerScreen.cpp">
      <Filter>Source Files\SmashBros\Game</Filter>
    </ClCompile>
    <ClCompile Include="SmashBros\Menus\MenuPieces\ActorGrid.cpp">
      <Filter>Source Files\SmashBros\Menus\MenuPieces</Filter>
    </ClCompile>
    <ClCompile Include="SmashBros\Menus\MenuPieces\Arrows.cpp">
      <Filter>Source Files\SmashBros\Menus\MenuPieces</Filter>
    </ClCompile>
    <ClCompile Include="SmashBros\Menus\MenuPieces\MenuBar.cpp">
      <Filter>Source Files\SmashBros\Menus\MenuPieces</Filter>
    </ClCompile>
    <ClCompile Include="SmashBros\Menus\MenuPieces\MenuBarSmall.cpp">
      <Filter>Source Files\SmashBros\Menus\MenuPieces</Filter>
    </ClCompile>
    <ClCompile Include="SmashBros\Menus\MenuPieces\MenuBarSmallButton.cpp">
      <Filter>Source Files\SmashBros\Menus\MenuPieces</Filter>
    </ClCompile>
    <ClCompile Include="SmashBros\Menus\MenuPieces\MenuBarToggle.cpp">
      <Filter>Source Files\SmashBros\Menus\MenuPieces</Filter>
    </ClCompile>
    <ClCompile Include="SmashBros\Menus\MenuPieces\MenuBarValue.cpp">
      <Filter>Source Files\SmashBros\Menus\MenuPieces</Filter>
    </ClCompile>
    <ClCompile Include="SmashBros\Menus\MenuPieces\ToggleButton.cpp">
      <Filter>Source Files\SmashBros\Menus\MenuPieces</Filter>
    </ClCompile>
    <ClCompile Include="SmashBros\Menus\MenuPieces\ToggleButtons.cpp">
      <Filter>Source Files\SmashBros\Menus\MenuPieces</Filter>
    </ClCompile>
    <ClCompile Include="SmashBros\Menus\MenuPieces\TogglePane.cpp">
      <Filter>Source Files\SmashBros\Menus\MenuPieces</Filter>
    </ClCompile>
    <ClCompile Include="SmashBros\Menus\CharSelectScreen.cpp">
      <Filter>Source Files\SmashBros\Menus</Filter>
    </ClCompile>
    <ClCompile Include="SmashBros\Menus\StageSelectScreen.cpp">
      <Filter>Source Files\SmashBros\Menus</Filter>
    </ClCompile>
    <ClCompile Include="SmashBros\Menus\MenuClasses.cpp">
      <Filter>Source Files\SmashBros\Menus</Filter>
    </ClCompile>
    <ClCompile Include="SmashBros\Menus\Menus.cpp">
      <Filter>Source Files\SmashBros\Menus</Filter>
    </ClCompile>
    <ClCompile Include="SmashBros\AttackManager.cpp">
      <Filter>Source Files\SmashBros</Filter>
    </ClCompile>
    <ClCompile Include="SmashBros\AttackRandomizer.cpp">
      <Filter>Source Files\SmashBros</Filter>
    </ClCompile>
    <ClCompile Include="SmashBros\AttackTemplates.cpp">
      <Filter>Source Files\SmashBros</Filter>
    </ClCompile>
    <ClCompile Include="SmashBros\Camera.cpp">
      <Filter>Source Files\SmashBros</Filter>
    </ClCompile>
    <ClCompile Include="SmashBros\Chargebar.cpp">
      <Filter>Source Files\SmashBros</Filter>
    </ClCompile>
    <ClCompile Include="SmashBros\CollisionManager.cpp">
      <Filter>Source Files\SmashBros</Filter>
    </ClCompile>
    <ClCompile Include="SmashBros\Controls.cpp">
      <Filter>Source Files\SmashBros</Filter>
    </ClCompile>
    <ClCompile Include="SmashBros\GameElement.cpp">
      <Filter>Source Files\SmashBros</Filter>
    </ClCompile>
    <ClCompile Include="SmashBros\Global.cpp">
      <Filter>Source Files\SmashBros</Filter>
    </ClCompile>
    <ClCompile Include="SmashBros\HitBox.cpp">
      <Filter>Source Files\SmashBros</Filter>
    </ClCompile>
    <ClCompile Include="SmashBros\HUD.cpp">
      <Filter>Source Files\SmashBros</Filter>
    </ClCompile>
    <ClCompile Include="SmashBros\Item.cpp">
      <Filter>Source Files\SmashBros</Filter>
    </ClCompile>
    <ClCompile Include="SmashBros\ItemManager.cpp">
      <Filter>Source Files\SmashBros</Filter>
    </ClCompile>
    <ClCompile Include="SmashBros\Loader.cpp">
      <Filter>Source Files\SmashBros</Filter>
    </ClCompile>
    <ClCompile Include="SmashBros\Magnifier.cpp">
      <Filter>Source Files\SmashBros</Filter>
    </ClCompile>
    <ClCompile Include="SmashBros\Player.cpp">
      <Filter>Source Files\SmashBros</Filter>
    </ClCompile>
    <ClCompile Include="SmashBros\Preferences.cpp">
      <Filter>Source Files\SmashBros</Filter>
    </ClCompile>
    <ClCompile Include="SmashBros\Projectile.cpp">
      <Filter>Source Files\SmashBros</Filter>
    </ClCompile>
    <ClCompile Include="SmashBros\ProjectileManager.cpp">
      <Filter>Source Files\SmashBros</Filter>
    </ClCompile>
    <ClCompile Include="SmashBros\Stage.cpp">
      <Filter>Source Files\SmashBros</Filter>
    </ClCompile>
    <ClCompile Include="Program.cpp">
      <Filter>Source Files</Filter>
    </ClCompile>
    <ClCompile Include="Game.cpp">
      <Filter>Source Files</Filter>
    </ClCompile>
    <ClCompile Include="SmashBros\Script\ScriptedCharacter.cpp">
      <Filter>Source Files\SmashBros\Script</Filter>
    </ClCompile>
    <ClCompile Include="SmashBros\Script\ScriptManager.cpp">
      <Filter>Source Files\SmashBros\Script</Filter>
    </ClCompile>
    <ClCompile Include="SmashBros\Script\ScriptOperatorOverloads.cpp">
      <Filter>Source Files\SmashBros\Script</Filter>
    </ClCompile>
    <ClCompile Include="SmashBros\Script\modules\GameEngine\lib_ge_actor.cpp">
      <Filter>Source Files\SmashBros\Script\modules\GameEngine</Filter>
    </ClCompile>
    <ClCompile Include="SmashBros\Script\modules\GameEngine\lib_ge_global.cpp">
      <Filter>Source Files\SmashBros\Script\modules\GameEngine</Filter>
    </ClCompile>
    <ClCompile Include="SmashBros\Script\modules\GameEngine\lib_ge_graphics.cpp">
      <Filter>Source Files\SmashBros\Script\modules\GameEngine</Filter>
    </ClCompile>
    <ClCompile Include="SmashBros\Script\modules\GameEngine\lib_ge_io.cpp">
      <Filter>Source Files\SmashBros\Script\modules\GameEngine</Filter>
    </ClCompile>
    <ClCompile Include="SmashBros\Script\modules\GameEngine\lib_ge_screenmanager.cpp">
      <Filter>Source Files\SmashBros\Script\modules\GameEngine</Filter>
    </ClCompile>
    <ClCompile Include="SmashBros\Script\modules\GameEngine\lib_ge_types.cpp">
      <Filter>Source Files\SmashBros\Script\modules\GameEngine</Filter>
    </ClCompile>
    <ClCompile Include="SmashBros\Script\modules\GameEngine\lib_ge_util.cpp">
      <Filter>Source Files\SmashBros\Script\modules\GameEngine</Filter>
    </ClCompile>
    <ClCompile Include="SmashBros\Script\modules\SmashBros\lib_sb_global.cpp">
      <Filter>Source Files\SmashBros\Script\modules\SmashBros</Filter>
    </ClCompile>
    <ClCompile Include="SmashBros\Script\modules\SmashBros\lib_sb_types.cpp">
      <Filter>Source Files\SmashBros\Script\modules\SmashBros</Filter>
    </ClCompile>
    <ClCompile Include="SmashBros\Script\modules\SmashBros\lib_sb_player.cpp">
      <Filter>Source Files\SmashBros\Script\modules\SmashBros</Filter>
    </ClCompile>
    <ClCompile Include="SmashBros\Script\modules\GameEngine\lib_ge_math.cpp">
      <Filter>Source Files\SmashBros\Script\modules\GameEngine</Filter>
    </ClCompile>
  </ItemGroup>
  <ItemGroup>
    <ClInclude Include="GameEngine\Actor\Actor.h">
      <Filter>Header Files\GameEngine\Actor</Filter>
    </ClInclude>
    <ClInclude Include="GameEngine\Actor\Animation.h">
      <Filter>Header Files\GameEngine\Actor</Filter>
    </ClInclude>
    <ClInclude Include="GameEngine\Actor\AnimationManager.h">
      <Filter>Header Files\GameEngine\Actor</Filter>
    </ClInclude>
    <ClInclude Include="GameEngine\Actor\PrimitiveActor.h">
      <Filter>Header Files\GameEngine\Actor</Filter>
    </ClInclude>
    <ClInclude Include="GameEngine\Actor\TextActor.h">
      <Filter>Header Files\GameEngine\Actor</Filter>
    </ClInclude>
    <ClInclude Include="GameEngine\Actor\WireframeActor.h">
      <Filter>Header Files\GameEngine\Actor</Filter>
    </ClInclude>
    <ClInclude Include="GameEngine\Graphics\Graphics2D.h">
      <Filter>Header Files\GameEngine\Graphics</Filter>
    </ClInclude>
    <ClInclude Include="GameEngine\Input\Keys.h">
      <Filter>Header Files\GameEngine\Input</Filter>
    </ClInclude>
    <ClInclude Include="GameEngine\Input\Mouse.h">
      <Filter>Header Files\GameEngine\Input</Filter>
    </ClInclude>
    <ClInclude Include="GameEngine\Util\Thread.h">
      <Filter>Header Files\GameEngine\Util</Filter>
    </ClInclude>
    <ClInclude Include="GameEngine\Util\String.h">
      <Filter>Header Files\GameEngine\Util</Filter>
    </ClInclude>
    <ClInclude Include="GameEngine\Util\PrefManager.h">
      <Filter>Header Files\GameEngine\Util</Filter>
    </ClInclude>
    <ClInclude Include="GameEngine\Util\PixelIterator.h">
      <Filter>Header Files\GameEngine\Util</Filter>
    </ClInclude>
    <ClInclude Include="GameEngine\Util\Font.h">
      <Filter>Header Files\GameEngine\Util</Filter>
    </ClInclude>
    <ClInclude Include="GameEngine\Util\Color.h">
      <Filter>Header Files\GameEngine\Util</Filter>
    </ClInclude>
    <ClInclude Include="GameEngine\Util\BufferedImage.h">
      <Filter>Header Files\GameEngine\Util</Filter>
    </ClInclude>
    <ClInclude Include="GameEngine\ScreenManager\MenuScreen.h">
      <Filter>Header Files\GameEngine\ScreenManager</Filter>
    </ClInclude>
    <ClInclude Include="GameEngine\ScreenManager\Screen.h">
      <Filter>Header Files\GameEngine\ScreenManager</Filter>
    </ClInclude>
    <ClInclude Include="GameEngine\ScreenManager\ScreenManager.h">
      <Filter>Header Files\GameEngine\ScreenManager</Filter>
    </ClInclude>
    <ClInclude Include="GameEngine\Output\Console.h">
      <Filter>Header Files\GameEngine\Output</Filter>
    </ClInclude>
    <ClInclude Include="GameEngine\Application.h">
      <Filter>Header Files\GameEngine</Filter>
    </ClInclude>
    <ClInclude Include="GameEngine\View.h">
      <Filter>Header Files\GameEngine</Filter>
    </ClInclude>
    <ClInclude Include="GameEngine\AssetManager.h">
      <Filter>Header Files\GameEngine</Filter>
    </ClInclude>
    <ClInclude Include="GameEngine\BatchLoader.h">
      <Filter>Header Files\GameEngine</Filter>
    </ClInclude>
    <ClInclude Include="GameEngine\forwards.h">
      <Filter>Header Files\GameEngine</Filter>
    </ClInclude>
    <ClInclude Include="GameEngine\GameEngine.h">
      <Filter>Header Files\GameEngine</Filter>
    </ClInclude>
    <ClInclude Include="GameEngine\Global.h">
      <Filter>Header Files\GameEngine</Filter>
    </ClInclude>
    <ClInclude Include="SmashBros\Game\Characters\Fox.h">
      <Filter>Header Files\SmashBros\Game\Characters</Filter>
    </ClInclude>
    <ClInclude Include="SmashBros\Game\Characters\Ichigo.h">
      <Filter>Header Files\SmashBros\Game\Characters</Filter>
    </ClInclude>
    <ClInclude Include="SmashBros\Game\Characters\Link.h">
      <Filter>Header Files\SmashBros\Game\Characters</Filter>
    </ClInclude>
    <ClInclude Include="SmashBros\Game\Characters\Mario.h">
      <Filter>Header Files\SmashBros\Game\Characters</Filter>
    </ClInclude>
    <ClInclude Include="SmashBros\Game\Characters\Pikachu.h">
      <Filter>Header Files\SmashBros\Game\Characters</Filter>
    </ClInclude>
    <ClInclude Include="SmashBros\Game\Characters\Sonic.h">
      <Filter>Header Files\SmashBros\Game\Characters</Filter>
    </ClInclude>
    <ClInclude Include="SmashBros\Game\Items\BeamSword.h">
      <Filter>Header Files\SmashBros\Game\Items</Filter>
    </ClInclude>
    <ClInclude Include="SmashBros\Game\Items\HeartContainer.h">
      <Filter>Header Files\SmashBros\Game\Items</Filter>
    </ClInclude>
    <ClInclude Include="SmashBros\Game\Items\PoisonMushroom.h">
      <Filter>Header Files\SmashBros\Game\Items</Filter>
    </ClInclude>
    <ClInclude Include="SmashBros\Game\Items\RayGun.h">
      <Filter>Header Files\SmashBros\Game\Items</Filter>
    </ClInclude>
    <ClInclude Include="SmashBros\Game\Items\SmashBall.h">
      <Filter>Header Files\SmashBros\Game\Items</Filter>
    </ClInclude>
    <ClInclude Include="SmashBros\Game\Items\SuperMushroom.h">
      <Filter>Header Files\SmashBros\Game\Items</Filter>
    </ClInclude>
    <ClInclude Include="SmashBros\Game\Stages\StagePieces\OffScreenExplode.h">
      <Filter>Header Files\SmashBros\Game\Stages\StagePieces</Filter>
    </ClInclude>
    <ClInclude Include="SmashBros\Game\Stages\StagePieces\Platform.h">
      <Filter>Header Files\SmashBros\Game\Stages\StagePieces</Filter>
    </ClInclude>
    <ClInclude Include="SmashBros\Game\Stages\StagePieces\HangPoint.h">
      <Filter>Header Files\SmashBros\Game\Stages\StagePieces</Filter>
    </ClInclude>
    <ClInclude Include="SmashBros\Game\Stages\BattlefieldBrawl.h">
      <Filter>Header Files\SmashBros\Game\Stages</Filter>
    </ClInclude>
    <ClInclude Include="SmashBros\Game\Stages\FinalDestinationBrawl.h">
      <Filter>Header Files\SmashBros\Game\Stages</Filter>
    </ClInclude>
    <ClInclude Include="SmashBros\Game\Stages\FractalStage.h">
      <Filter>Header Files\SmashBros\Game\Stages</Filter>
    </ClInclude>
    <ClInclude Include="SmashBros\Game\Stages\HillsideBattleground.h">
      <Filter>Header Files\SmashBros\Game\Stages</Filter>
    </ClInclude>
    <ClInclude Include="SmashBros\Game\Stages\HyruleTemple.h">
      <Filter>Header Files\SmashBros\Game\Stages</Filter>
    </ClInclude>
    <ClInclude Include="SmashBros\Game\GameScreen.h">
      <Filter>Header Files\SmashBros\Game</Filter>
    </ClInclude>
    <ClInclude Include="SmashBros\Game\WinnerScreen.h">
      <Filter>Header Files\SmashBros\Game</Filter>
    </ClInclude>
    <ClInclude Include="SmashBros\Menus\MenuPieces\ActorGrid.h">
      <Filter>Header Files\SmashBros\Menus\MenuPieces</Filter>
    </ClInclude>
    <ClInclude Include="SmashBros\Menus\MenuPieces\Arrows.h">
      <Filter>Header Files\SmashBros\Menus\MenuPieces</Filter>
    </ClInclude>
    <ClInclude Include="SmashBros\Menus\MenuPieces\MenuBar.h">
      <Filter>Header Files\SmashBros\Menus\MenuPieces</Filter>
    </ClInclude>
    <ClInclude Include="SmashBros\Menus\MenuPieces\MenuBarSmall.h">
      <Filter>Header Files\SmashBros\Menus\MenuPieces</Filter>
    </ClInclude>
    <ClInclude Include="SmashBros\Menus\MenuPieces\MenuBarSmallButton.h">
      <Filter>Header Files\SmashBros\Menus\MenuPieces</Filter>
    </ClInclude>
    <ClInclude Include="SmashBros\Menus\MenuPieces\MenuBarToggle.h">
      <Filter>Header Files\SmashBros\Menus\MenuPieces</Filter>
    </ClInclude>
    <ClInclude Include="SmashBros\Menus\MenuPieces\MenuBarValue.h">
      <Filter>Header Files\SmashBros\Menus\MenuPieces</Filter>
    </ClInclude>
    <ClInclude Include="SmashBros\Menus\MenuPieces\ToggleButton.h">
      <Filter>Header Files\SmashBros\Menus\MenuPieces</Filter>
    </ClInclude>
    <ClInclude Include="SmashBros\Menus\MenuPieces\ToggleButtons.h">
      <Filter>Header Files\SmashBros\Menus\MenuPieces</Filter>
    </ClInclude>
    <ClInclude Include="SmashBros\Menus\MenuPieces\TogglePane.h">
      <Filter>Header Files\SmashBros\Menus\MenuPieces</Filter>
    </ClInclude>
    <ClInclude Include="SmashBros\Menus\CharSelectScreen.h">
      <Filter>Header Files\SmashBros\Menus</Filter>
    </ClInclude>
    <ClInclude Include="SmashBros\Menus\MenuClasses.h">
      <Filter>Header Files\SmashBros\Menus</Filter>
    </ClInclude>
    <ClInclude Include="SmashBros\Menus\Menus.h">
      <Filter>Header Files\SmashBros\Menus</Filter>
    </ClInclude>
    <ClInclude Include="SmashBros\Menus\StageSelectScreen.h">
      <Filter>Header Files\SmashBros\Menus</Filter>
    </ClInclude>
    <ClInclude Include="SmashBros\HitBox.h">
      <Filter>Header Files\SmashBros</Filter>
    </ClInclude>
    <ClInclude Include="SmashBros\HUD.h">
      <Filter>Header Files\SmashBros</Filter>
    </ClInclude>
    <ClInclude Include="SmashBros\Item.h">
      <Filter>Header Files\SmashBros</Filter>
    </ClInclude>
    <ClInclude Include="SmashBros\ItemManager.h">
      <Filter>Header Files\SmashBros</Filter>
    </ClInclude>
    <ClInclude Include="SmashBros\Loader.h">
      <Filter>Header Files\SmashBros</Filter>
    </ClInclude>
    <ClInclude Include="SmashBros\Magnifier.h">
      <Filter>Header Files\SmashBros</Filter>
    </ClInclude>
    <ClInclude Include="SmashBros\Player.h">
      <Filter>Header Files\SmashBros</Filter>
    </ClInclude>
    <ClInclude Include="SmashBros\Preferences.h">
      <Filter>Header Files\SmashBros</Filter>
    </ClInclude>
    <ClInclude Include="SmashBros\Projectile.h">
      <Filter>Header Files\SmashBros</Filter>
    </ClInclude>
    <ClInclude Include="SmashBros\ProjectileManager.h">
      <Filter>Header Files\SmashBros</Filter>
    </ClInclude>
    <ClInclude Include="SmashBros\Stage.h">
      <Filter>Header Files\SmashBros</Filter>
    </ClInclude>
    <ClInclude Include="SmashBros\AttackManager.h">
      <Filter>Header Files\SmashBros</Filter>
    </ClInclude>
    <ClInclude Include="SmashBros\AttackRandomizer.h">
      <Filter>Header Files\SmashBros</Filter>
    </ClInclude>
    <ClInclude Include="SmashBros\AttackTemplates.h">
      <Filter>Header Files\SmashBros</Filter>
    </ClInclude>
    <ClInclude Include="SmashBros\Camera.h">
      <Filter>Header Files\SmashBros</Filter>
    </ClInclude>
    <ClInclude Include="SmashBros\Chargebar.h">
      <Filter>Header Files\SmashBros</Filter>
    </ClInclude>
    <ClInclude Include="SmashBros\CollisionManager.h">
      <Filter>Header Files\SmashBros</Filter>
    </ClInclude>
    <ClInclude Include="SmashBros\Controls.h">
      <Filter>Header Files\SmashBros</Filter>
    </ClInclude>
    <ClInclude Include="SmashBros\GameElement.h">
      <Filter>Header Files\SmashBros</Filter>
    </ClInclude>
    <ClInclude Include="SmashBros\Global.h">
      <Filter>Header Files\SmashBros</Filter>
    </ClInclude>
    <ClInclude Include="Game.h">
      <Filter>Header Files</Filter>
    </ClInclude>
    <ClInclude Include="SmashBros\Script\ScriptedCharacter.h">
      <Filter>Header Files\SmashBros\Script</Filter>
    </ClInclude>
    <ClInclude Include="SmashBros\Script\ScriptManager.h">
      <Filter>Header Files\SmashBros\Script</Filter>
    </ClInclude>
    <ClInclude Include="GameEngine\Util\ArrayList.h">
      <Filter>Header Files\GameEngine\Util</Filter>
    </ClInclude>
    <ClInclude Include="SmashBros\Script\ScriptOperatorOverloads.h">
      <Filter>Header Files\SmashBros\Script</Filter>
    </ClInclude>
    <ClInclude Include="SmashBros\Script\modules\GameEngine\arraylist.h">
      <Filter>Header Files\SmashBros\Script\modules\GameEngine</Filter>
    </ClInclude>
    <ClInclude Include="SmashBros\Script\modules\GameEngine\vector2.h">
      <Filter>Header Files\SmashBros\Script\modules\GameEngine</Filter>
    </ClInclude>
    <ClInclude Include="SmashBros\Script\modules\GameEngine\lib_gameengine.h">
      <Filter>Header Files\SmashBros\Script\modules\GameEngine</Filter>
    </ClInclude>
    <ClInclude Include="SmashBros\Script\modules\SmashBros\lib_smashbros.h">
      <Filter>Header Files\SmashBros\Script\modules\SmashBros</Filter>
    </ClInclude>
    <ClInclude Include="SmashBros\Script\modules\GameEngine\thread.h">
      <Filter>Header Files\SmashBros\Script\modules\GameEngine</Filter>
    </ClInclude>
    <ClInclude Include="GameEngine\Util\Vector2.h">
      <Filter>Header Files\GameEngine\Util</Filter>
    </ClInclude>
  </ItemGroup>
</Project>